github.com/BurntSushi/toml v1.6.0 h1:dRaEfpa2VI55EwlIW72hMRHdWouJeRF7TPYhI+AUQjk=
github.com/BurntSushi/toml v1.6.0/go.mod h1:ukJfTF/6rtPPRCnwkur4qwRxa8vTRFBF0uk2lLoLwho=
github.com/rorita0x/go-overlay v0.1.0 h1:bX26QfB7BfsEVwOwAq9qwKMzuFPhV33t6OS7hNxlQUc=
github.com/rorita0x/go-overlay v0.1.0/go.mod h1:r/7FnnnanrTCSttfQETk86LYdMtmlQghOr6E86BsWBU=
